
Microsoft Visual Studio Solution File, Format Version 12.00
# Visual Studio Version 17
VisualStudioVersion = 17.1.32210.238
MinimumVisualStudioVersion = 10.0.40219.1
Project("{FAE04EC0-301F-11D3-BF4B-00C04F79EFBC}") = "weatherish", "weatherish.csproj", "{FE2740BB-9779-4CF2-9C0F-3AC22185835D}"
EndProject
Global
	GlobalSection(SolutionConfigurationPlatforms) = preSolution
		Debug|Any CPU = Debug|Any CPU
		Release|Any CPU = Release|Any CPU
	EndGlobalSection
	GlobalSection(ProjectConfigurationPlatforms) = postSolution
		{FE2740BB-9779-4CF2-9C0F-3AC22185835D}.Debug|Any CPU.ActiveCfg = Debug|Any CPU
		{FE2740BB-9779-4CF2-9C0F-3AC22185835D}.Debug|Any CPU.Build.0 = Debug|Any CPU
		{FE2740BB-9779-4CF2-9C0F-3AC22185835D}.Release|Any CPU.ActiveCfg = Release|Any CPU
		{FE2740BB-9779-4CF2-9C0F-3AC22185835D}.Release|Any CPU.Build.0 = Release|Any CPU
	EndGlobalSection
	GlobalSection(SolutionProperties) = preSolution
		HideSolutionNode = FALSE
	EndGlobalSection
	GlobalSection(ExtensibilityGlobals) = postSolution
		SolutionGuid = {DD66C37A-2D1F-4F06-9C2C-C45BBBDC132F}
	EndGlobalSection
EndGlobal
